
Microsoft Visual Studio Solution File, Format Version 12.00
# Visual Studio Version 17
VisualStudioVersion = 17.11.35303.130
MinimumVisualStudioVersion = 10.0.40219.1
Project("{FAE04EC0-301F-11D3-BF4B-00C04F79EFBC}") = "Практическая 4", "Практическая 4.csproj", "{F0FE970E-1179-4883-B89A-D8EA29571662}"
EndProject
Global
	GlobalSection(SolutionConfigurationPlatforms) = preSolution
		Debug|Any CPU = Debug|Any CPU
		Release|Any CPU = Release|Any CPU
	EndGlobalSection
	GlobalSection(ProjectConfigurationPlatforms) = postSolution
		{F0FE970E-1179-4883-B89A-D8EA29571662}.Debug|Any CPU.ActiveCfg = Debug|Any CPU
		{F0FE970E-1179-4883-B89A-D8EA29571662}.Debug|Any CPU.Build.0 = Debug|Any CPU
		{F0FE970E-1179-4883-B89A-D8EA29571662}.Release|Any CPU.ActiveCfg = Release|Any CPU
		{F0FE970E-1179-4883-B89A-D8EA29571662}.Release|Any CPU.Build.0 = Release|Any CPU
	EndGlobalSection
	GlobalSection(SolutionProperties) = preSolution
		HideSolutionNode = FALSE
	EndGlobalSection
	GlobalSection(ExtensibilityGlobals) = postSolution
		SolutionGuid = {26A78EDB-E033-4901-972C-C91D630C44F6}
	EndGlobalSection
EndGlobal
